{
  "lockfileVersion": 2,
  "configVersion": 1,
  "workspaces": {
    "": {
      "name": "wreath-readme-charts",
      "devDependencies": {
        "animejs": "4.5.0",
      },
    },
  },
  "packages": {
    "animejs": ["animejs@4.5.0", "", { "peerDependencies": { "@types/three": ">=0.150.0", "three": ">=0.150.0" }, "optionalPeers": ["@types/three", "three"] }, "sha512-NQimYX+lz8WaXonGS9zVVoviCIAjONeJayxacUditaivYLqyXgGjFKjuyl0aUUhFKm5MriX9ty1TGovNzoJQWA=="],
  }
}
